{"version":4,"terraform_version":"1.9.0","serial":9,"lineage":"8c607a7c-fea6-61f1-5e04-cc90e4a2e395","outputs":{},"resources":[{"mode":"managed","type":"kafka_topic","name":"credit_card_transactions_avro","provider":"provider[\"registry.opentofu.org/mongey/kafka\"]","instances":[{"schema_version":0,"attributes":{"config":{"retention.bytes":"512000000"},"id":"credit-card-transactions-avro","name":"credit-card-transactions-avro","partitions":100,"replication_factor":3},"sensitive_attributes":[],"private":"bnVsbA=="}]},{"mode":"managed","type":"kafka_topic","name":"credit_card_transactions_json","provider":"provider[\"registry.opentofu.org/mongey/kafka\"]","instances":[{"schema_version":0,"attributes":{"config":{"min.insync.replicas":"2"},"id":"credit-card-transactions-json","name":"credit-card-transactions-json","partitions":10,"replication_factor":3},"sensitive_attributes":[],"private":"bnVsbA=="}]},{"mode":"managed","type":"kafka_topic","name":"tf_created_test","provider":"provider[\"registry.opentofu.org/mongey/kafka\"]","instances":[{"schema_version":0,"attributes":{"config":{"cleanup.policy":"compact","segment.ms":"20000"},"id":"tf_created_test","name":"tf_created_test","partitions":100,"replication_factor":2},"sensitive_attributes":[],"private":"bnVsbA=="}]}],"check_results":null}
